// !$*UTF8*$!
{
	archiveVersion = 1;
	classes = {
	};
	objectVersion = 46;
	objects = {

/* Begin PBXBuildFile section */
		EA334E0813655510002BDA49 /* UIKit.framework in Frameworks */ = {isa = PBXBuildFile; fileRef = EA334E0713655510002BDA49 /* UIKit.framework */; };
		EA334E0A13655510002BDA49 /* Foundation.framework in Frameworks */ = {isa = PBXBuildFile; fileRef = EA334E0913655510002BDA49 /* Foundation.framework */; };
		EA334E0C13655510002BDA49 /* CoreGraphics.framework in Frameworks */ = {isa = PBXBuildFile; fileRef = EA334E0B13655510002BDA49 /* CoreGraphics.framework */; };
		EA334E0E13655510002BDA49 /* QuartzCore.framework in Frameworks */ = {isa = PBXBuildFile; fileRef = EA334E0D13655510002BDA49 /* QuartzCore.framework */; };
		EA334E1013655510002BDA49 /* OpenGLES.framework in Frameworks */ = {isa = PBXBuildFile; fileRef = EA334E0F13655510002BDA49 /* OpenGLES.framework */; };
		EA334E1613655510002BDA49 /* InfoPlist.strings in Resources */ = {isa = PBXBuildFile; fileRef = EA334E1413655510002BDA49 /* InfoPlist.strings */; };
		EA334E1913655510002BDA49 /* main.m in Sources */ = {isa = PBXBuildFile; fileRef = EA334E1813655510002BDA49 /* main.m */; };
		EA334E1C13655510002BDA49 /* ShotAppDelegate.mm in Sources */ = {isa = PBXBuildFile; fileRef = EA334E1B13655510002BDA49 /* ShotAppDelegate.mm */; };
		EA334E1F13655510002BDA49 /* MainWindow.xib in Resources */ = {isa = PBXBuildFile; fileRef = EA334E1D13655510002BDA49 /* MainWindow.xib */; };
		EA334E2113655510002BDA49 /* Shader.fsh in Resources */ = {isa = PBXBuildFile; fileRef = EA334E2013655510002BDA49 /* Shader.fsh */; };
		EA334E2313655510002BDA49 /* Shader.vsh in Resources */ = {isa = PBXBuildFile; fileRef = EA334E2213655510002BDA49 /* Shader.vsh */; };
		EA334E2613655510002BDA49 /* EAGLView.mm in Sources */ = {isa = PBXBuildFile; fileRef = EA334E2513655510002BDA49 /* EAGLView.mm */; };
		EA334E2913655510002BDA49 /* ShotViewController.mm in Sources */ = {isa = PBXBuildFile; fileRef = EA334E2813655510002BDA49 /* ShotViewController.mm */; };
		EA334E2C13655510002BDA49 /* ShotViewController.xib in Resources */ = {isa = PBXBuildFile; fileRef = EA334E2A13655510002BDA49 /* ShotViewController.xib */; };
		EABDA925136AB64E0009B87D /* game_bug.mm in Sources */ = {isa = PBXBuildFile; fileRef = EABDA924136AB64E0009B87D /* game_bug.mm */; };
		EAC96775136A561F00DBB785 /* me_Common.mm in Sources */ = {isa = PBXBuildFile; fileRef = EAC96766136A561F00DBB785 /* me_Common.mm */; };
		EAC96776136A561F00DBB785 /* me_Font.mm in Sources */ = {isa = PBXBuildFile; fileRef = EAC96768136A561F00DBB785 /* me_Font.mm */; };
		EAC96777136A561F00DBB785 /* me_math.mm in Sources */ = {isa = PBXBuildFile; fileRef = EAC9676A136A561F00DBB785 /* me_math.mm */; };
		EAC96778136A561F00DBB785 /* me_ScreenPad.mm in Sources */ = {isa = PBXBuildFile; fileRef = EAC9676C136A561F00DBB785 /* me_ScreenPad.mm */; };
		EAC96779136A561F00DBB785 /* me_Sound.mm in Sources */ = {isa = PBXBuildFile; fileRef = EAC9676E136A561F00DBB785 /* me_Sound.mm */; };
		EAC9677A136A561F00DBB785 /* me_Sprite.mm in Sources */ = {isa = PBXBuildFile; fileRef = EAC96770136A561F00DBB785 /* me_Sprite.mm */; };
		EAC9677B136A561F00DBB785 /* me_Texture.mm in Sources */ = {isa = PBXBuildFile; fileRef = EAC96772136A561F00DBB785 /* me_Texture.mm */; };
		EAC9677C136A561F00DBB785 /* me_Timer.mm in Sources */ = {isa = PBXBuildFile; fileRef = EAC96774136A561F00DBB785 /* me_Timer.mm */; };
		EAC9677F136A565C00DBB785 /* AudioToolbox.framework in Frameworks */ = {isa = PBXBuildFile; fileRef = EAC9677E136A565C00DBB785 /* AudioToolbox.framework */; };
		EAC9678E136A56FB00DBB785 /* bg.png in Resources */ = {isa = PBXBuildFile; fileRef = EAC96781136A56FB00DBB785 /* bg.png */; };
		EAC9678F136A56FB00DBB785 /* bug_1.png in Resources */ = {isa = PBXBuildFile; fileRef = EAC96782136A56FB00DBB785 /* bug_1.png */; };
		EAC96790136A56FB00DBB785 /* bug_2.png in Resources */ = {isa = PBXBuildFile; fileRef = EAC96783136A56FB00DBB785 /* bug_2.png */; };
		EAC96791136A56FB00DBB785 /* bug_dead.png in Resources */ = {isa = PBXBuildFile; fileRef = EAC96784136A56FB00DBB785 /* bug_dead.png */; };
		EAC96792136A56FB00DBB785 /* bug_dead.spr in Resources */ = {isa = PBXBuildFile; fileRef = EAC96785136A56FB00DBB785 /* bug_dead.spr */; };
		EAC96793136A56FB00DBB785 /* bug.spr in Resources */ = {isa = PBXBuildFile; fileRef = EAC96786136A56FB00DBB785 /* bug.spr */; };
		EAC96794136A56FB00DBB785 /* cookie01.png in Resources */ = {isa = PBXBuildFile; fileRef = EAC96787136A56FB00DBB785 /* cookie01.png */; };
		EAC96795136A56FB00DBB785 /* cookie02.png in Resources */ = {isa = PBXBuildFile; fileRef = EAC96788136A56FB00DBB785 /* cookie02.png */; };
		EAC96796136A56FB00DBB785 /* cookie03.png in Resources */ = {isa = PBXBuildFile; fileRef = EAC96789136A56FB00DBB785 /* cookie03.png */; };
		EAC96797136A56FB00DBB785 /* font.png in Resources */ = {isa = PBXBuildFile; fileRef = EAC9678A136A56FB00DBB785 /* font.png */; };
		EAC96798136A56FB00DBB785 /* hit.png in Resources */ = {isa = PBXBuildFile; fileRef = EAC9678B136A56FB00DBB785 /* hit.png */; };
		EAC96799136A56FB00DBB785 /* hit.spr in Resources */ = {isa = PBXBuildFile; fileRef = EAC9678C136A56FB00DBB785 /* hit.spr */; };
		EAC9679A136A56FB00DBB785 /* hit.wav in Resources */ = {isa = PBXBuildFile; fileRef = EAC9678D136A56FB00DBB785 /* hit.wav */; };
		EAC9679D136A587500DBB785 /* game_common.mm in Sources */ = {isa = PBXBuildFile; fileRef = EAC9679C136A587500DBB785 /* game_common.mm */; };
		EAC967A9136A77D000DBB785 /* game_cookie.mm in Sources */ = {isa = PBXBuildFile; fileRef = EAC967A8136A77D000DBB785 /* game_cookie.mm */; };
		EAE6AB981375C58500AADED7 /* game_effect.mm in Sources */ = {isa = PBXBuildFile; fileRef = EAE6AB961375C58500AADED7 /* game_effect.mm */; };
		EAE6ABA41375CE2D00AADED7 /* game_sound.mm in Sources */ = {isa = PBXBuildFile; fileRef = EAE6ABA21375CE2D00AADED7 /* game_sound.mm */; };
/* End PBXBuildFile section */

/* Begin PBXFileReference section */
		EA334E0313655510002BDA49 /* Shot.app */ = {isa = PBXFileReference; explicitFileType = wrapper.application; includeInIndex = 0; path = Shot.app; sourceTree = BUILT_PRODUCTS_DIR; };
		EA334E0713655510002BDA49 /* UIKit.framework */ = {isa = PBXFileReference; lastKnownFileType = wrapper.framework; name = UIKit.framework; path = System/Library/Frameworks/UIKit.framework; sourceTree = SDKROOT; };
		EA334E0913655510002BDA49 /* Foundation.framework */ = {isa = PBXFileReference; lastKnownFileType = wrapper.framework; name = Foundation.framework; path = System/Library/Frameworks/Foundation.framework; sourceTree = SDKROOT; };
		EA334E0B13655510002BDA49 /* CoreGraphics.framework */ = {isa = PBXFileReference; lastKnownFileType = wrapper.framework; name = CoreGraphics.framework; path = System/Library/Frameworks/CoreGraphics.framework; sourceTree = SDKROOT; };
		EA334E0D13655510002BDA49 /* QuartzCore.framework */ = {isa = PBXFileReference; lastKnownFileType = wrapper.framework; name = QuartzCore.framework; path = System/Library/Frameworks/QuartzCore.framework; sourceTree = SDKROOT; };
		EA334E0F13655510002BDA49 /* OpenGLES.framework */ = {isa = PBXFileReference; lastKnownFileType = wrapper.framework; name = OpenGLES.framework; path = System/Library/Frameworks/OpenGLES.framework; sourceTree = SDKROOT; };
		EA334E1313655510002BDA49 /* Shot-Info.plist */ = {isa = PBXFileReference; lastKnownFileType = text.plist.xml; path = "Shot-Info.plist"; sourceTree = "<group>"; };
		EA334E1513655510002BDA49 /* en */ = {isa = PBXFileReference; lastKnownFileType = text.plist.strings; name = en; path = en.lproj/InfoPlist.strings; sourceTree = "<group>"; };
		EA334E1713655510002BDA49 /* Shot-Prefix.pch */ = {isa = PBXFileReference; lastKnownFileType = sourcecode.c.h; path = "Shot-Prefix.pch"; sourceTree = "<group>"; };
		EA334E1813655510002BDA49 /* main.m */ = {isa = PBXFileReference; lastKnownFileType = sourcecode.c.objc; path = main.m; sourceTree = "<group>"; };
		EA334E1A13655510002BDA49 /* ShotAppDelegate.h */ = {isa = PBXFileReference; lastKnownFileType = sourcecode.c.h; path = ShotAppDelegate.h; sourceTree = "<group>"; };
		EA334E1B13655510002BDA49 /* ShotAppDelegate.mm */ = {isa = PBXFileReference; lastKnownFileType = sourcecode.cpp.objcpp; path = ShotAppDelegate.mm; sourceTree = "<group>"; };
		EA334E1E13655510002BDA49 /* en */ = {isa = PBXFileReference; lastKnownFileType = file.xib; name = en; path = en.lproj/MainWindow.xib; sourceTree = "<group>"; };
		EA334E2013655510002BDA49 /* Shader.fsh */ = {isa = PBXFileReference; lastKnownFileType = sourcecode.glsl; name = Shader.fsh; path = Shaders/Shader.fsh; sourceTree = "<group>"; };
		EA334E2213655510002BDA49 /* Shader.vsh */ = {isa = PBXFileReference; lastKnownFileType = sourcecode.glsl; name = Shader.vsh; path = Shaders/Shader.vsh; sourceTree = "<group>"; };
		EA334E2413655510002BDA49 /* EAGLView.h */ = {isa = PBXFileReference; lastKnownFileType = sourcecode.c.h; path = EAGLView.h; sourceTree = "<group>"; };
		EA334E2513655510002BDA49 /* EAGLView.mm */ = {isa = PBXFileReference; lastKnownFileType = sourcecode.cpp.objcpp; path = EAGLView.mm; sourceTree = "<group>"; };
		EA334E2713655510002BDA49 /* ShotViewController.h */ = {isa = PBXFileReference; lastKnownFileType = sourcecode.c.h; path = ShotViewController.h; sourceTree = "<group>"; };
		EA334E2813655510002BDA49 /* ShotViewController.mm */ = {isa = PBXFileReference; lastKnownFileType = sourcecode.cpp.objcpp; path = ShotViewController.mm; sourceTree = "<group>"; };
		EA334E2B13655510002BDA49 /* en */ = {isa = PBXFileReference; lastKnownFileType = file.xib; name = en; path = en.lproj/ShotViewController.xib; sourceTree = "<group>"; };
		EABDA923136AB64E0009B87D /* game_bug.h */ = {isa = PBXFileReference; fileEncoding = 4; lastKnownFileType = sourcecode.c.h; path = game_bug.h; sourceTree = "<group>"; };
		EABDA924136AB64E0009B87D /* game_bug.mm */ = {isa = PBXFileReference; fileEncoding = 4; lastKnownFileType = sourcecode.cpp.objcpp; path = game_bug.mm; sourceTree = "<group>"; };
		EAC96765136A561F00DBB785 /* me_Common.h */ = {isa = PBXFileReference; fileEncoding = 4; lastKnownFileType = sourcecode.c.h; path = me_Common.h; sourceTree = "<group>"; };
		EAC96766136A561F00DBB785 /* me_Common.mm */ = {isa = PBXFileReference; fileEncoding = 4; lastKnownFileType = sourcecode.cpp.objcpp; path = me_Common.mm; sourceTree = "<group>"; };
		EAC96767136A561F00DBB785 /* me_Font.h */ = {isa = PBXFileReference; fileEncoding = 4; lastKnownFileType = sourcecode.c.h; path = me_Font.h; sourceTree = "<group>"; };
		EAC96768136A561F00DBB785 /* me_Font.mm */ = {isa = PBXFileReference; fileEncoding = 4; lastKnownFileType = sourcecode.cpp.objcpp; path = me_Font.mm; sourceTree = "<group>"; };
		EAC96769136A561F00DBB785 /* me_math.h */ = {isa = PBXFileReference; fileEncoding = 4; lastKnownFileType = sourcecode.c.h; path = me_math.h; sourceTree = "<group>"; };
		EAC9676A136A561F00DBB785 /* me_math.mm */ = {isa = PBXFileReference; fileEncoding = 4; lastKnownFileType = sourcecode.cpp.objcpp; path = me_math.mm; sourceTree = "<group>"; };
		EAC9676B136A561F00DBB785 /* me_ScreenPad.h */ = {isa = PBXFileReference; fileEncoding = 4; lastKnownFileType = sourcecode.c.h; path = me_ScreenPad.h; sourceTree = "<group>"; };
		EAC9676C136A561F00DBB785 /* me_ScreenPad.mm */ = {isa = PBXFileReference; fileEncoding = 4; lastKnownFileType = sourcecode.cpp.objcpp; path = me_ScreenPad.mm; sourceTree = "<group>"; };
		EAC9676D136A561F00DBB785 /* me_Sound.h */ = {isa = PBXFileReference; fileEncoding = 4; lastKnownFileType = sourcecode.c.h; path = me_Sound.h; sourceTree = "<group>"; };
		EAC9676E136A561F00DBB785 /* me_Sound.mm */ = {isa = PBXFileReference; fileEncoding = 4; lastKnownFileType = sourcecode.cpp.objcpp; path = me_Sound.mm; sourceTree = "<group>"; };
		EAC9676F136A561F00DBB785 /* me_Sprite.h */ = {isa = PBXFileReference; fileEncoding = 4; lastKnownFileType = sourcecode.c.h; path = me_Sprite.h; sourceTree = "<group>"; };
		EAC96770136A561F00DBB785 /* me_Sprite.mm */ = {isa = PBXFileReference; fileEncoding = 4; lastKnownFileType = sourcecode.cpp.objcpp; path = me_Sprite.mm; sourceTree = "<group>"; };
		EAC96771136A561F00DBB785 /* me_Texture.h */ = {isa = PBXFileReference; fileEncoding = 4; lastKnownFileType = sourcecode.c.h; path = me_Texture.h; sourceTree = "<group>"; };
		EAC96772136A561F00DBB785 /* me_Texture.mm */ = {isa = PBXFileReference; fileEncoding = 4; lastKnownFileType = sourcecode.cpp.objcpp; path = me_Texture.mm; sourceTree = "<group>"; };
		EAC96773136A561F00DBB785 /* me_Timer.h */ = {isa = PBXFileReference; fileEncoding = 4; lastKnownFileType = sourcecode.c.h; path = me_Timer.h; sourceTree = "<group>"; };
		EAC96774136A561F00DBB785 /* me_Timer.mm */ = {isa = PBXFileReference; fileEncoding = 4; lastKnownFileType = sourcecode.cpp.objcpp; path = me_Timer.mm; sourceTree = "<group>"; };
		EAC9677E136A565C00DBB785 /* AudioToolbox.framework */ = {isa = PBXFileReference; lastKnownFileType = wrapper.framework; name = AudioToolbox.framework; path = System/Library/Frameworks/AudioToolbox.framework; sourceTree = SDKROOT; };
		EAC96781136A56FB00DBB785 /* bg.png */ = {isa = PBXFileReference; lastKnownFileType = image.png; name = bg.png; path = Resource/bg.png; sourceTree = "<group>"; };
		EAC96782136A56FB00DBB785 /* bug_1.png */ = {isa = PBXFileReference; lastKnownFileType = image.png; name = bug_1.png; path = Resource/bug_1.png; sourceTree = "<group>"; };
		EAC96783136A56FB00DBB785 /* bug_2.png */ = {isa = PBXFileReference; lastKnownFileType = image.png; name = bug_2.png; path = Resource/bug_2.png; sourceTree = "<group>"; };
		EAC96784136A56FB00DBB785 /* bug_dead.png */ = {isa = PBXFileReference; lastKnownFileType = image.png; name = bug_dead.png; path = Resource/bug_dead.png; sourceTree = "<group>"; };
		EAC96785136A56FB00DBB785 /* bug_dead.spr */ = {isa = PBXFileReference; fileEncoding = 4; lastKnownFileType = text; name = bug_dead.spr; path = Resource/bug_dead.spr; sourceTree = "<group>"; };
		EAC96786136A56FB00DBB785 /* bug.spr */ = {isa = PBXFileReference; fileEncoding = 4; lastKnownFileType = text; name = bug.spr; path = Resource/bug.spr; sourceTree = "<group>"; };
		EAC96787136A56FB00DBB785 /* cookie01.png */ = {isa = PBXFileReference; lastKnownFileType = image.png; name = cookie01.png; path = Resource/cookie01.png; sourceTree = "<group>"; };
		EAC96788136A56FB00DBB785 /* cookie02.png */ = {isa = PBXFileReference; lastKnownFileType = image.png; name = cookie02.png; path = Resource/cookie02.png; sourceTree = "<group>"; };
		EAC96789136A56FB00DBB785 /* cookie03.png */ = {isa = PBXFileReference; lastKnownFileType = image.png; name = cookie03.png; path = Resource/cookie03.png; sourceTree = "<group>"; };
		EAC9678A136A56FB00DBB785 /* font.png */ = {isa = PBXFileReference; lastKnownFileType = image.png; name = font.png; path = Resource/font.png; sourceTree = "<group>"; };
		EAC9678B136A56FB00DBB785 /* hit.png */ = {isa = PBXFileReference; lastKnownFileType = image.png; name = hit.png; path = Resource/hit.png; sourceTree = "<group>"; };
		EAC9678C136A56FB00DBB785 /* hit.spr */ = {isa = PBXFileReference; fileEncoding = 4; lastKnownFileType = text; name = hit.spr; path = Resource/hit.spr; sourceTree = "<group>"; };
		EAC9678D136A56FB00DBB785 /* hit.wav */ = {isa = PBXFileReference; lastKnownFileType = audio.wav; name = hit.wav; path = Resource/hit.wav; sourceTree = "<group>"; };
		EAC9679B136A587500DBB785 /* game_common.h */ = {isa = PBXFileReference; fileEncoding = 4; lastKnownFileType = sourcecode.c.h; path = game_common.h; sourceTree = "<group>"; };
		EAC9679C136A587500DBB785 /* game_common.mm */ = {isa = PBXFileReference; fileEncoding = 4; lastKnownFileType = sourcecode.cpp.objcpp; path = game_common.mm; sourceTree = "<group>"; };
		EAC967A7136A77CF00DBB785 /* game_cookie.h */ = {isa = PBXFileReference; fileEncoding = 4; lastKnownFileType = sourcecode.c.h; path = game_cookie.h; sourceTree = "<group>"; };
		EAC967A8136A77D000DBB785 /* game_cookie.mm */ = {isa = PBXFileReference; fileEncoding = 4; lastKnownFileType = sourcecode.cpp.objcpp; path = game_cookie.mm; sourceTree = "<group>"; };
		EAE6AB961375C58500AADED7 /* game_effect.mm */ = {isa = PBXFileReference; fileEncoding = 4; lastKnownFileType = sourcecode.cpp.objcpp; path = game_effect.mm; sourceTree = "<group>"; };
		EAE6AB971375C58500AADED7 /* game_effect.h */ = {isa = PBXFileReference; fileEncoding = 4; lastKnownFileType = sourcecode.c.h; path = game_effect.h; sourceTree = "<group>"; };
		EAE6ABA21375CE2D00AADED7 /* game_sound.mm */ = {isa = PBXFileReference; fileEncoding = 4; lastKnownFileType = sourcecode.cpp.objcpp; path = game_sound.mm; sourceTree = "<group>"; };
		EAE6ABA31375CE2D00AADED7 /* game_sound.h */ = {isa = PBXFileReference; fileEncoding = 4; lastKnownFileType = sourcecode.c.h; path = game_sound.h; sourceTree = "<group>"; };
/* End PBXFileReference section */

/* Begin PBXFrameworksBuildPhase section */
		EA334E0013655510002BDA49 /* Frameworks */ = {
			isa = PBXFrameworksBuildPhase;
			buildActionMask = 2147483647;
			files = (
				EAC9677F136A565C00DBB785 /* AudioToolbox.framework in Frameworks */,
				EA334E0813655510002BDA49 /* UIKit.framework in Frameworks */,
				EA334E0A13655510002BDA49 /* Foundation.framework in Frameworks */,
				EA334E0C13655510002BDA49 /* CoreGraphics.framework in Frameworks */,
				EA334E0E13655510002BDA49 /* QuartzCore.framework in Frameworks */,
				EA334E1013655510002BDA49 /* OpenGLES.framework in Frameworks */,
			);
			runOnlyForDeploymentPostprocessing = 0;
		};
/* End PBXFrameworksBuildPhase section */

/* Begin PBXGroup section */
		EA334DF813655510002BDA49 = {
			isa = PBXGroup;
			children = (
				EAC96780136A56C100DBB785 /* Resource */,
				EA334E1113655510002BDA49 /* Shot */,
				EA334E0613655510002BDA49 /* Frameworks */,
				EA334E0413655510002BDA49 /* Products */,
			);
			sourceTree = "<group>";
		};
		EA334E0413655510002BDA49 /* Products */ = {
			isa = PBXGroup;
			children = (
				EA334E0313655510002BDA49 /* Shot.app */,
			);
			name = Products;
			sourceTree = "<group>";
		};
		EA334E0613655510002BDA49 /* Frameworks */ = {
			isa = PBXGroup;
			children = (
				EAC9677E136A565C00DBB785 /* AudioToolbox.framework */,
				EA334E0713655510002BDA49 /* UIKit.framework */,
				EA334E0913655510002BDA49 /* Foundation.framework */,
				EA334E0B13655510002BDA49 /* CoreGraphics.framework */,
				EA334E0D13655510002BDA49 /* QuartzCore.framework */,
				EA334E0F13655510002BDA49 /* OpenGLES.framework */,
			);
			name = Frameworks;
			sourceTree = "<group>";
		};
		EA334E1113655510002BDA49 /* Shot */ = {
			isa = PBXGroup;
			children = (
				EAC9679B136A587500DBB785 /* game_common.h */,
				EAC9679C136A587500DBB785 /* game_common.mm */,
				EAC96765136A561F00DBB785 /* me_Common.h */,
				EAC96766136A561F00DBB785 /* me_Common.mm */,
				EAC96767136A561F00DBB785 /* me_Font.h */,
				EAC96768136A561F00DBB785 /* me_Font.mm */,
				EAC96769136A561F00DBB785 /* me_math.h */,
				EAC9676A136A561F00DBB785 /* me_math.mm */,
				EAC9676B136A561F00DBB785 /* me_ScreenPad.h */,
				EAC9676C136A561F00DBB785 /* me_ScreenPad.mm */,
				EAC9676D136A561F00DBB785 /* me_Sound.h */,
				EAC9676E136A561F00DBB785 /* me_Sound.mm */,
				EAC9676F136A561F00DBB785 /* me_Sprite.h */,
				EAC96770136A561F00DBB785 /* me_Sprite.mm */,
				EAC96771136A561F00DBB785 /* me_Texture.h */,
				EAC96772136A561F00DBB785 /* me_Texture.mm */,
				EAC96773136A561F00DBB785 /* me_Timer.h */,
				EAC96774136A561F00DBB785 /* me_Timer.mm */,
				EA334E1A13655510002BDA49 /* ShotAppDelegate.h */,
				EA334E1B13655510002BDA49 /* ShotAppDelegate.mm */,
				EA334E1D13655510002BDA49 /* MainWindow.xib */,
				EA334E2013655510002BDA49 /* Shader.fsh */,
				EA334E2213655510002BDA49 /* Shader.vsh */,
				EA334E2413655510002BDA49 /* EAGLView.h */,
				EA334E2513655510002BDA49 /* EAGLView.mm */,
				EA334E2713655510002BDA49 /* ShotViewController.h */,
				EA334E2813655510002BDA49 /* ShotViewController.mm */,
				EA334E2A13655510002BDA49 /* ShotViewController.xib */,
				EA334E1213655510002BDA49 /* Supporting Files */,
				EAC967A7136A77CF00DBB785 /* game_cookie.h */,
				EAC967A8136A77D000DBB785 /* game_cookie.mm */,
				EABDA923136AB64E0009B87D /* game_bug.h */,
				EABDA924136AB64E0009B87D /* game_bug.mm */,
				EAE6AB961375C58500AADED7 /* game_effect.mm */,
				EAE6AB971375C58500AADED7 /* game_effect.h */,
				EAE6ABA21375CE2D00AADED7 /* game_sound.mm */,
				EAE6ABA31375CE2D00AADED7 /* game_sound.h */,
			);
			path = Shot;
			sourceTree = "<group>";
		};
		EA334E1213655510002BDA49 /* Supporting Files */ = {
			isa = PBXGroup;
			children = (
				EA334E1313655510002BDA49 /* Shot-Info.plist */,
				EA334E1413655510002BDA49 /* InfoPlist.strings */,
				EA334E1713655510002BDA49 /* Shot-Prefix.pch */,
				EA334E1813655510002BDA49 /* main.m */,
			);
			name = "Supporting Files";
			sourceTree = "<group>";
		};
		EAC96780136A56C100DBB785 /* Resource */ = {
			isa = PBXGroup;
			children = (
				EAC96781136A56FB00DBB785 /* bg.png */,
				EAC96782136A56FB00DBB785 /* bug_1.png */,
				EAC96783136A56FB00DBB785 /* bug_2.png */,
				EAC96784136A56FB00DBB785 /* bug_dead.png */,
				EAC96785136A56FB00DBB785 /* bug_dead.spr */,
				EAC96786136A56FB00DBB785 /* bug.spr */,
				EAC96787136A56FB00DBB785 /* cookie01.png */,
				EAC96788136A56FB00DBB785 /* cookie02.png */,
				EAC96789136A56FB00DBB785 /* cookie03.png */,
				EAC9678A136A56FB00DBB785 /* font.png */,
				EAC9678B136A56FB00DBB785 /* hit.png */,
				EAC9678C136A56FB00DBB785 /* hit.spr */,
				EAC9678D136A56FB00DBB785 /* hit.wav */,
			);
			name = Resource;
			sourceTree = "<group>";
		};
/* End PBXGroup section */

/* Begin PBXNativeTarget section */
		EA334E0213655510002BDA49 /* Shot */ = {
			isa = PBXNativeTarget;
			buildConfigurationList = EA334E2F13655510002BDA49 /* Build configuration list for PBXNativeTarget "Shot" */;
			buildPhases = (
				EA334DFF13655510002BDA49 /* Sources */,
				EA334E0013655510002BDA49 /* Frameworks */,
				EA334E0113655510002BDA49 /* Resources */,
			);
			buildRules = (
			);
			dependencies = (
			);
			name = Shot;
			productName = Shot;
			productReference = EA334E0313655510002BDA49 /* Shot.app */;
			productType = "com.apple.product-type.application";
		};
/* End PBXNativeTarget section */

/* Begin PBXProject section */
		EA334DFA13655510002BDA49 /* Project object */ = {
			isa = PBXProject;
			buildConfigurationList = EA334DFD13655510002BDA49 /* Build configuration list for PBXProject "Shot" */;
			compatibilityVersion = "Xcode 3.2";
			developmentRegion = English;
			hasScannedForEncodings = 0;
			knownRegions = (
				en,
			);
			mainGroup = EA334DF813655510002BDA49;
			productRefGroup = EA334E0413655510002BDA49 /* Products */;
			projectDirPath = "";
			projectRoot = "";
			targets = (
				EA334E0213655510002BDA49 /* Shot */,
			);
		};
/* End PBXProject section */

/* Begin PBXResourcesBuildPhase section */
		EA334E0113655510002BDA49 /* Resources */ = {
			isa = PBXResourcesBuildPhase;
			buildActionMask = 2147483647;
			files = (
				EA334E1613655510002BDA49 /* InfoPlist.strings in Resources */,
				EA334E1F13655510002BDA49 /* MainWindow.xib in Resources */,
				EA334E2113655510002BDA49 /* Shader.fsh in Resources */,
				EA334E2313655510002BDA49 /* Shader.vsh in Resources */,
				EA334E2C13655510002BDA49 /* ShotViewController.xib in Resources */,
				EAC9678E136A56FB00DBB785 /* bg.png in Resources */,
				EAC9678F136A56FB00DBB785 /* bug_1.png in Resources */,
				EAC96790136A56FB00DBB785 /* bug_2.png in Resources */,
				EAC96791136A56FB00DBB785 /* bug_dead.png in Resources */,
				EAC96792136A56FB00DBB785 /* bug_dead.spr in Resources */,
				EAC96793136A56FB00DBB785 /* bug.spr in Resources */,
				EAC96794136A56FB00DBB785 /* cookie01.png in Resources */,
				EAC96795136A56FB00DBB785 /* cookie02.png in Resources */,
				EAC96796136A56FB00DBB785 /* cookie03.png in Resources */,
				EAC96797136A56FB00DBB785 /* font.png in Resources */,
				EAC96798136A56FB00DBB785 /* hit.png in Resources */,
				EAC96799136A56FB00DBB785 /* hit.spr in Resources */,
				EAC9679A136A56FB00DBB785 /* hit.wav in Resources */,
			);
			runOnlyForDeploymentPostprocessing = 0;
		};
/* End PBXResourcesBuildPhase section */

/* Begin PBXSourcesBuildPhase section */
		EA334DFF13655510002BDA49 /* Sources */ = {
			isa = PBXSourcesBuildPhase;
			buildActionMask = 2147483647;
			files = (
				EA334E1913655510002BDA49 /* main.m in Sources */,
				EA334E1C13655510002BDA49 /* ShotAppDelegate.mm in Sources */,
				EA334E2613655510002BDA49 /* EAGLView.mm in Sources */,
				EA334E2913655510002BDA49 /* ShotViewController.mm in Sources */,
				EAC96775136A561F00DBB785 /* me_Common.mm in Sources */,
				EAC96776136A561F00DBB785 /* me_Font.mm in Sources */,
				EAC96777136A561F00DBB785 /* me_math.mm in Sources */,
				EAC96778136A561F00DBB785 /* me_ScreenPad.mm in Sources */,
				EAC96779136A561F00DBB785 /* me_Sound.mm in Sources */,
				EAC9677A136A561F00DBB785 /* me_Sprite.mm in Sources */,
				EAC9677B136A561F00DBB785 /* me_Texture.mm in Sources */,
				EAC9677C136A561F00DBB785 /* me_Timer.mm in Sources */,
				EAC9679D136A587500DBB785 /* game_common.mm in Sources */,
				EAC967A9136A77D000DBB785 /* game_cookie.mm in Sources */,
				EABDA925136AB64E0009B87D /* game_bug.mm in Sources */,
				EAE6AB981375C58500AADED7 /* game_effect.mm in Sources */,
				EAE6ABA41375CE2D00AADED7 /* game_sound.mm in Sources */,
			);
			runOnlyForDeploymentPostprocessing = 0;
		};
/* End PBXSourcesBuildPhase section */

/* Begin PBXVariantGroup section */
		EA334E1413655510002BDA49 /* InfoPlist.strings */ = {
			isa = PBXVariantGroup;
			children = (
				EA334E1513655510002BDA49 /* en */,
			);
			name = InfoPlist.strings;
			sourceTree = "<group>";
		};
		EA334E1D13655510002BDA49 /* MainWindow.xib */ = {
			isa = PBXVariantGroup;
			children = (
				EA334E1E13655510002BDA49 /* en */,
			);
			name = MainWindow.xib;
			sourceTree = "<group>";
		};
		EA334E2A13655510002BDA49 /* ShotViewController.xib */ = {
			isa = PBXVariantGroup;
			children = (
				EA334E2B13655510002BDA49 /* en */,
			);
			name = ShotViewController.xib;
			sourceTree = "<group>";
		};
/* End PBXVariantGroup section */

/* Begin XCBuildConfiguration section */
		EA334E2D13655510002BDA49 /* Debug */ = {
			isa = XCBuildConfiguration;
			buildSettings = {
				ARCHS = "$(ARCHS_STANDARD_32_BIT)";
				"CODE_SIGN_IDENTITY[sdk=iphoneos*]" = "iPhone Developer";
				GCC_C_LANGUAGE_STANDARD = gnu99;
				GCC_OPTIMIZATION_LEVEL = 0;
				GCC_PREPROCESSOR_DEFINITIONS = DEBUG;
				GCC_SYMBOLS_PRIVATE_EXTERN = NO;
				GCC_VERSION = com.apple.compilers.llvmgcc42;
				GCC_WARN_ABOUT_RETURN_TYPE = YES;
				GCC_WARN_UNUSED_VARIABLE = YES;
				IPHONEOS_DEPLOYMENT_TARGET = 4.3;
				ONLY_ACTIVE_ARCH = NO;
				SDKROOT = iphoneos;
				VALID_ARCHS = "armv6 armv7";
			};
			name = Debug;
		};
		EA334E2E13655510002BDA49 /* Release */ = {
			isa = XCBuildConfiguration;
			buildSettings = {
				ARCHS = "$(ARCHS_STANDARD_32_BIT)";
				"CODE_SIGN_IDENTITY[sdk=iphoneos*]" = "iPhone Developer";
				GCC_C_LANGUAGE_STANDARD = gnu99;
				GCC_VERSION = com.apple.compilers.llvmgcc42;
				GCC_WARN_ABOUT_RETURN_TYPE = YES;
				GCC_WARN_UNUSED_VARIABLE = YES;
				IPHONEOS_DEPLOYMENT_TARGET = 4.3;
				ONLY_ACTIVE_ARCH = NO;
				OTHER_CFLAGS = "-DNS_BLOCK_ASSERTIONS=1";
				SDKROOT = iphoneos;
				VALID_ARCHS = "armv6 armv7";
			};
			name = Release;
		};
		EA334E3013655510002BDA49 /* Debug */ = {
			isa = XCBuildConfiguration;
			buildSettings = {
				ALWAYS_SEARCH_USER_PATHS = NO;
				ARCHS = "$(ARCHS_STANDARD_32_BIT)";
				COPY_PHASE_STRIP = NO;
				GCC_DYNAMIC_NO_PIC = NO;
				GCC_PRECOMPILE_PREFIX_HEADER = YES;
				GCC_PREFIX_HEADER = "Shot/Shot-Prefix.pch";
				"GCC_THUMB_SUPPORT[arch=armv6]" = "";
				INFOPLIST_FILE = "Shot/Shot-Info.plist";
				IPHONEOS_DEPLOYMENT_TARGET = 4.0;
				PRODUCT_NAME = "$(TARGET_NAME)";
				SDKROOT = iphoneos;
				VALID_ARCHS = "armv6 armv7 i386";
				WRAPPER_EXTENSION = app;
			};
			name = Debug;
		};
		EA334E3113655510002BDA49 /* Release */ = {
			isa = XCBuildConfiguration;
			buildSettings = {
				ALWAYS_SEARCH_USER_PATHS = NO;
				ARCHS = "$(ARCHS_STANDARD_32_BIT)";
				"CODE_SIGN_IDENTITY[sdk=iphoneos*]" = "iPhone Distribution";
				COPY_PHASE_STRIP = YES;
				GCC_PRECOMPILE_PREFIX_HEADER = YES;
				GCC_PREFIX_HEADER = "Shot/Shot-Prefix.pch";
				"GCC_THUMB_SUPPORT[arch=armv6]" = "";
				INFOPLIST_FILE = "Shot/Shot-Info.plist";
				IPHONEOS_DEPLOYMENT_TARGET = 4.0;
				PRODUCT_NAME = "$(TARGET_NAME)";
				"PROVISIONING_PROFILE[sdk=iphoneos*]" = "";
				SDKROOT = iphoneos;
				VALIDATE_PRODUCT = YES;
				VALID_ARCHS = "armv6 armv7 i386";
				WRAPPER_EXTENSION = app;
			};
			name = Release;
		};
/* End XCBuildConfiguration section */

/* Begin XCConfigurationList section */
		EA334DFD13655510002BDA49 /* Build configuration list for PBXProject "Shot" */ = {
			isa = XCConfigurationList;
			buildConfigurations = (
				EA334E2D13655510002BDA49 /* Debug */,
				EA334E2E13655510002BDA49 /* Release */,
			);
			defaultConfigurationIsVisible = 0;
			defaultConfigurationName = Release;
		};
		EA334E2F13655510002BDA49 /* Build configuration list for PBXNativeTarget "Shot" */ = {
			isa = XCConfigurationList;
			buildConfigurations = (
				EA334E3013655510002BDA49 /* Debug */,
				EA334E3113655510002BDA49 /* Release */,
			);
			defaultConfigurationIsVisible = 0;
			defaultConfigurationName = Release;
		};
/* End XCConfigurationList section */
	};
	rootObject = EA334DFA13655510002BDA49 /* Project object */;
}
